<?xml version="1.0" encoding="utf-8"?>
<Project ToolsVersion="4.0" xmlns="http://schemas.microsoft.com/developer/msbuild/2003">
  <ItemGroup>
    <Filter Include="Source Files">
      <UniqueIdentifier>{4FC737F1-C7A5-4376-A066-2A32D752A2FF}</UniqueIdentifier>
      <Extensions>qml;cpp;c;cc;cxx;def;odl;idl;hpj;bat;asm;asmx</Extensions>
    </Filter>
    <Filter Include="Header Files">
      <UniqueIdentifier>{93995380-89BD-4b04-88EB-625FBE52EBFB}</UniqueIdentifier>
      <Extensions>h;hh;hpp;hxx;hm;inl;inc;xsd</Extensions>
    </Filter>
    <Filter Include="Resource Files">
      <UniqueIdentifier>{67DA6AB6-F800-4c08-8B7A-83BB121AAD01}</UniqueIdentifier>
      <Extensions>qrc;rc;ico;cur;bmp;dlg;rc2;rct;bin;rgs;gif;jpg;jpeg;jpe;resx;tiff;tif;png;wav;mfcribbon-ms</Extensions>
    </Filter>
    <Filter Include="Form Files">
      <UniqueIdentifier>{99349809-55BA-4b9d-BF79-8FDBB0286EB3}</UniqueIdentifier>
      <Extensions>ui</Extensions>
    </Filter>
    <Filter Include="Translation Files">
      <UniqueIdentifier>{639EADAA-A684-42e4-A9AD-28FC9BCB8F7C}</UniqueIdentifier>
      <Extensions>ts</Extensions>
    </Filter>
  </ItemGroup>
  <ItemGroup>
    <ClCompile Include="main.cpp">
      <Filter>Source Files</Filter>
    </ClCompile>
    <ClCompile Include="libs\fstlib-develop\ext\gtest\src\gtest-all.cc">
      <Filter>Source Files</Filter>
    </ClCompile>
    <ClCompile Include="libs\fstlib-develop\ext\lz4\lz4.c">
      <Filter>Source Files</Filter>
    </ClCompile>
    <ClCompile Include="libs\fstlib-develop\ext\zstd\common\debug.c">
      <Filter>Source Files</Filter>
    </ClCompile>
    <ClCompile Include="libs\fstlib-develop\ext\zstd\common\entropy_common.c">
      <Filter>Source Files</Filter>
    </ClCompile>
    <ClCompile Include="libs\fstlib-develop\ext\zstd\common\error_private.c">
      <Filter>Source Files</Filter>
    </ClCompile>
    <ClCompile Include="libs\fstlib-develop\ext\zstd\common\fse_decompress.c">
      <Filter>Source Files</Filter>
    </ClCompile>
    <ClCompile Include="libs\fstlib-develop\ext\zstd\common\pool.c">
      <Filter>Source Files</Filter>
    </ClCompile>
    <ClCompile Include="libs\fstlib-develop\ext\zstd\common\threading.c">
      <Filter>Source Files</Filter>
    </ClCompile>
    <ClCompile Include="libs\fstlib-develop\ext\zstd\common\xxhash.c">
      <Filter>Source Files</Filter>
    </ClCompile>
    <ClCompile Include="libs\fstlib-develop\ext\zstd\common\zstd_common.c">
      <Filter>Source Files</Filter>
    </ClCompile>
    <ClCompile Include="libs\fstlib-develop\ext\zstd\compress\fse_compress.c">
      <Filter>Source Files</Filter>
    </ClCompile>
    <ClCompile Include="libs\fstlib-develop\ext\zstd\compress\hist.c">
      <Filter>Source Files</Filter>
    </ClCompile>
    <ClCompile Include="libs\fstlib-develop\ext\zstd\compress\huf_compress.c">
      <Filter>Source Files</Filter>
    </ClCompile>
    <ClCompile Include="libs\fstlib-develop\ext\zstd\compress\zstdmt_compress.c">
      <Filter>Source Files</Filter>
    </ClCompile>
    <ClCompile Include="libs\fstlib-develop\ext\zstd\compress\zstd_compress.c">
      <Filter>Source Files</Filter>
    </ClCompile>
    <ClCompile Include="libs\fstlib-develop\ext\zstd\compress\zstd_compress_literals.c">
      <Filter>Source Files</Filter>
    </ClCompile>
    <ClCompile Include="libs\fstlib-develop\ext\zstd\compress\zstd_compress_sequences.c">
      <Filter>Source Files</Filter>
    </ClCompile>
    <ClCompile Include="libs\fstlib-develop\ext\zstd\compress\zstd_compress_superblock.c">
      <Filter>Source Files</Filter>
    </ClCompile>
    <ClCompile Include="libs\fstlib-develop\ext\zstd\compress\zstd_double_fast.c">
      <Filter>Source Files</Filter>
    </ClCompile>
    <ClCompile Include="libs\fstlib-develop\ext\zstd\compress\zstd_fast.c">
      <Filter>Source Files</Filter>
    </ClCompile>
    <ClCompile Include="libs\fstlib-develop\ext\zstd\compress\zstd_lazy.c">
      <Filter>Source Files</Filter>
    </ClCompile>
    <ClCompile Include="libs\fstlib-develop\ext\zstd\compress\zstd_ldm.c">
      <Filter>Source Files</Filter>
    </ClCompile>
    <ClCompile Include="libs\fstlib-develop\ext\zstd\compress\zstd_opt.c">
      <Filter>Source Files</Filter>
    </ClCompile>
    <ClCompile Include="libs\fstlib-develop\ext\zstd\decompress\huf_decompress.c">
      <Filter>Source Files</Filter>
    </ClCompile>
    <ClCompile Include="libs\fstlib-develop\ext\zstd\decompress\zstd_ddict.c">
      <Filter>Source Files</Filter>
    </ClCompile>
    <ClCompile Include="libs\fstlib-develop\ext\zstd\decompress\zstd_decompress.c">
      <Filter>Source Files</Filter>
    </ClCompile>
    <ClCompile Include="libs\fstlib-develop\ext\zstd\decompress\zstd_decompress_block.c">
      <Filter>Source Files</Filter>
    </ClCompile>
    <ClCompile Include="libs\fstlib-develop\ext\zstd\dictBuilder\cover.c">
      <Filter>Source Files</Filter>
    </ClCompile>
    <ClCompile Include="libs\fstlib-develop\ext\zstd\dictBuilder\divsufsort.c">
      <Filter>Source Files</Filter>
    </ClCompile>
    <ClCompile Include="libs\fstlib-develop\ext\zstd\dictBuilder\fastcover.c">
      <Filter>Source Files</Filter>
    </ClCompile>
    <ClCompile Include="libs\fstlib-develop\ext\zstd\dictBuilder\zdict.c">
      <Filter>Source Files</Filter>
    </ClCompile>
    <ClCompile Include="libs\fstlib-develop\lib\fsttable\fsttable.cpp">
      <Filter>Source Files</Filter>
    </ClCompile>
    <ClCompile Include="libs\fstlib-develop\lib\fst\blockstreamer\blockstreamer_v2.cpp">
      <Filter>Source Files</Filter>
    </ClCompile>
    <ClCompile Include="libs\fstlib-develop\lib\fst\byteblock\byteblock_v13.cpp">
      <Filter>Source Files</Filter>
    </ClCompile>
    <ClCompile Include="libs\fstlib-develop\lib\fst\byte\byte_v12.cpp">
      <Filter>Source Files</Filter>
    </ClCompile>
    <ClCompile Include="libs\fstlib-develop\lib\fst\character\character_v6.cpp">
      <Filter>Source Files</Filter>
    </ClCompile>
    <ClCompile Include="libs\fstlib-develop\lib\fst\compression\compression.cpp">
      <Filter>Source Files</Filter>
    </ClCompile>
    <ClCompile Include="libs\fstlib-develop\lib\fst\compression\compressor.cpp">
      <Filter>Source Files</Filter>
    </ClCompile>
    <ClCompile Include="libs\fstlib-develop\lib\fst\double\double_v9.cpp">
      <Filter>Source Files</Filter>
    </ClCompile>
    <ClCompile Include="libs\fstlib-develop\lib\fst\factor\factor_v7.cpp">
      <Filter>Source Files</Filter>
    </ClCompile>
    <ClCompile Include="libs\fstlib-develop\lib\fst\integer64\integer64_v11.cpp">
      <Filter>Source Files</Filter>
    </ClCompile>
    <ClCompile Include="libs\fstlib-develop\lib\fst\integer\integer_v8.cpp">
      <Filter>Source Files</Filter>
    </ClCompile>
    <ClCompile Include="libs\fstlib-develop\lib\fst\interface\fststore.cpp">
      <Filter>Source Files</Filter>
    </ClCompile>
    <ClCompile Include="libs\fstlib-develop\lib\fst\interface\openmphelper.cpp">
      <Filter>Source Files</Filter>
    </ClCompile>
    <ClCompile Include="libs\fstlib-develop\lib\fst\logical\logical_v10.cpp">
      <Filter>Source Files</Filter>
    </ClCompile>
    <ClCompile Include="libs\hash-library-master\crc32.cpp">
      <Filter>Source Files</Filter>
    </ClCompile>
    <ClCompile Include="libs\hash-library-master\keccak.cpp">
      <Filter>Source Files</Filter>
    </ClCompile>
    <ClCompile Include="libs\hash-library-master\md5.cpp">
      <Filter>Source Files</Filter>
    </ClCompile>
    <ClCompile Include="libs\hash-library-master\sha1.cpp">
      <Filter>Source Files</Filter>
    </ClCompile>
    <ClCompile Include="libs\hash-library-master\sha256.cpp">
      <Filter>Source Files</Filter>
    </ClCompile>
    <ClCompile Include="libs\hash-library-master\sha3.cpp">
      <Filter>Source Files</Filter>
    </ClCompile>
    <ClCompile Include="libs\libexif-0.6.24\libexif\apple\exif-mnote-data-apple.c">
      <Filter>Source Files</Filter>
    </ClCompile>
    <ClCompile Include="libs\libexif-0.6.24\libexif\apple\mnote-apple-entry.c">
      <Filter>Source Files</Filter>
    </ClCompile>
    <ClCompile Include="libs\libexif-0.6.24\libexif\apple\mnote-apple-tag.c">
      <Filter>Source Files</Filter>
    </ClCompile>
    <ClCompile Include="libs\libexif-0.6.24\libexif\canon\exif-mnote-data-canon.c">
      <Filter>Source Files</Filter>
    </ClCompile>
    <ClCompile Include="libs\libexif-0.6.24\libexif\canon\mnote-canon-entry.c">
      <Filter>Source Files</Filter>
    </ClCompile>
    <ClCompile Include="libs\libexif-0.6.24\libexif\canon\mnote-canon-tag.c">
      <Filter>Source Files</Filter>
    </ClCompile>
    <ClCompile Include="libs\libexif-0.6.24\libexif\fuji\exif-mnote-data-fuji.c">
      <Filter>Source Files</Filter>
    </ClCompile>
    <ClCompile Include="libs\libexif-0.6.24\libexif\fuji\mnote-fuji-entry.c">
      <Filter>Source Files</Filter>
    </ClCompile>
    <ClCompile Include="libs\libexif-0.6.24\libexif\fuji\mnote-fuji-tag.c">
      <Filter>Source Files</Filter>
    </ClCompile>
    <ClCompile Include="libs\libexif-0.6.24\libexif\olympus\exif-mnote-data-olympus.c">
      <Filter>Source Files</Filter>
    </ClCompile>
    <ClCompile Include="libs\libexif-0.6.24\libexif\olympus\mnote-olympus-entry.c">
      <Filter>Source Files</Filter>
    </ClCompile>
    <ClCompile Include="libs\libexif-0.6.24\libexif\olympus\mnote-olympus-tag.c">
      <Filter>Source Files</Filter>
    </ClCompile>
    <ClCompile Include="libs\libexif-0.6.24\libexif\pentax\exif-mnote-data-pentax.c">
      <Filter>Source Files</Filter>
    </ClCompile>
    <ClCompile Include="libs\libexif-0.6.24\libexif\pentax\mnote-pentax-entry.c">
      <Filter>Source Files</Filter>
    </ClCompile>
    <ClCompile Include="libs\libexif-0.6.24\libexif\pentax\mnote-pentax-tag.c">
      <Filter>Source Files</Filter>
    </ClCompile>
    <ClCompile Include="libs\TinyEXIF-master\TinyEXIF.cpp">
      <Filter>Source Files</Filter>
    </ClCompile>
    <ClCompile Include="libs\tinyxml2-master\tinyxml2.cpp">
      <Filter>Source Files</Filter>
    </ClCompile>
    <ClCompile Include="OpenFileOrganizer.cpp">
      <Filter>Source Files</Filter>
    </ClCompile>
    <ClCompile Include="libs\getopt.c">
      <Filter>Source Files</Filter>
    </ClCompile>
    <ClCompile Include="libs\libexif-0.6.24\libexif\exif-byte-order.c">
      <Filter>Source Files</Filter>
    </ClCompile>
    <ClCompile Include="libs\libexif-0.6.24\libexif\exif-content.c">
      <Filter>Source Files</Filter>
    </ClCompile>
    <ClCompile Include="libs\libexif-0.6.24\libexif\exif-data.c">
      <Filter>Source Files</Filter>
    </ClCompile>
    <ClCompile Include="libs\libexif-0.6.24\libexif\exif-entry.c">
      <Filter>Source Files</Filter>
    </ClCompile>
    <ClCompile Include="libs\libexif-0.6.24\libexif\exif-format.c">
      <Filter>Source Files</Filter>
    </ClCompile>
    <ClCompile Include="libs\libexif-0.6.24\libexif\exif-gps-ifd.c">
      <Filter>Source Files</Filter>
    </ClCompile>
    <ClCompile Include="libs\libexif-0.6.24\libexif\exif-ifd.c">
      <Filter>Source Files</Filter>
    </ClCompile>
    <ClCompile Include="libs\libexif-0.6.24\libexif\exif-loader.c">
      <Filter>Source Files</Filter>
    </ClCompile>
    <ClCompile Include="libs\libexif-0.6.24\libexif\exif-log.c">
      <Filter>Source Files</Filter>
    </ClCompile>
    <ClCompile Include="libs\libexif-0.6.24\libexif\exif-mem.c">
      <Filter>Source Files</Filter>
    </ClCompile>
    <ClCompile Include="libs\libexif-0.6.24\libexif\exif-mnote-data.c">
      <Filter>Source Files</Filter>
    </ClCompile>
    <ClCompile Include="libs\libexif-0.6.24\libexif\exif-tag.c">
      <Filter>Source Files</Filter>
    </ClCompile>
    <ClCompile Include="libs\libexif-0.6.24\libexif\exif-utils.c">
      <Filter>Source Files</Filter>
    </ClCompile>
    <ClCompile Include="libs\sqlite-amalgamation-3440200\sqlite3.c">
      <Filter>Source Files</Filter>
    </ClCompile>
    <ClCompile Include="libs\date-3.0.1\src\tz.cpp">
      <Filter>Source Files</Filter>
    </ClCompile>
  </ItemGroup>
  <ItemGroup>
    <ClInclude Include="libs\dirent-1.23.2\include\dirent.h">
      <Filter>Header Files</Filter>
    </ClInclude>
    <ClInclude Include="libs\fstlib-develop\ext\gtest\include\gtest\gtest-death-test.h">
      <Filter>Header Files</Filter>
    </ClInclude>
    <ClInclude Include="libs\fstlib-develop\ext\gtest\include\gtest\gtest-message.h">
      <Filter>Header Files</Filter>
    </ClInclude>
    <ClInclude Include="libs\fstlib-develop\ext\gtest\include\gtest\gtest-param-test.h">
      <Filter>Header Files</Filter>
    </ClInclude>
    <ClInclude Include="libs\fstlib-develop\ext\gtest\include\gtest\gtest-printers.h">
      <Filter>Header Files</Filter>
    </ClInclude>
    <ClInclude Include="libs\fstlib-develop\ext\gtest\include\gtest\gtest-spi.h">
      <Filter>Header Files</Filter>
    </ClInclude>
    <ClInclude Include="libs\fstlib-develop\ext\gtest\include\gtest\gtest-test-part.h">
      <Filter>Header Files</Filter>
    </ClInclude>
    <ClInclude Include="libs\fstlib-develop\ext\gtest\include\gtest\gtest-typed-test.h">
      <Filter>Header Files</Filter>
    </ClInclude>
    <ClInclude Include="libs\fstlib-develop\ext\gtest\include\gtest\gtest.h">
      <Filter>Header Files</Filter>
    </ClInclude>
    <ClInclude Include="libs\fstlib-develop\ext\gtest\include\gtest\gtest_pred_impl.h">
      <Filter>Header Files</Filter>
    </ClInclude>
    <ClInclude Include="libs\fstlib-develop\ext\gtest\include\gtest\gtest_prod.h">
      <Filter>Header Files</Filter>
    </ClInclude>
    <ClInclude Include="libs\fstlib-develop\ext\gtest\include\gtest\internal\custom\gtest-port.h">
      <Filter>Header Files</Filter>
    </ClInclude>
    <ClInclude Include="libs\fstlib-develop\ext\gtest\include\gtest\internal\custom\gtest-printers.h">
      <Filter>Header Files</Filter>
    </ClInclude>
    <ClInclude Include="libs\fstlib-develop\ext\gtest\include\gtest\internal\custom\gtest.h">
      <Filter>Header Files</Filter>
    </ClInclude>
    <ClInclude Include="libs\fstlib-develop\ext\gtest\include\gtest\internal\gtest-death-test-internal.h">
      <Filter>Header Files</Filter>
    </ClInclude>
    <ClInclude Include="libs\fstlib-develop\ext\gtest\include\gtest\internal\gtest-filepath.h">
      <Filter>Header Files</Filter>
    </ClInclude>
    <ClInclude Include="libs\fstlib-develop\ext\gtest\include\gtest\internal\gtest-internal.h">
      <Filter>Header Files</Filter>
    </ClInclude>
    <ClInclude Include="libs\fstlib-develop\ext\gtest\include\gtest\internal\gtest-linked_ptr.h">
      <Filter>Header Files</Filter>
    </ClInclude>
    <ClInclude Include="libs\fstlib-develop\ext\gtest\include\gtest\internal\gtest-param-util-generated.h">
      <Filter>Header Files</Filter>
    </ClInclude>
    <ClInclude Include="libs\fstlib-develop\ext\gtest\include\gtest\internal\gtest-param-util.h">
      <Filter>Header Files</Filter>
    </ClInclude>
    <ClInclude Include="libs\fstlib-develop\ext\gtest\include\gtest\internal\gtest-port-arch.h">
      <Filter>Header Files</Filter>
    </ClInclude>
    <ClInclude Include="libs\fstlib-develop\ext\gtest\include\gtest\internal\gtest-port.h">
      <Filter>Header Files</Filter>
    </ClInclude>
    <ClInclude Include="libs\fstlib-develop\ext\gtest\include\gtest\internal\gtest-string.h">
      <Filter>Header Files</Filter>
    </ClInclude>
    <ClInclude Include="libs\fstlib-develop\ext\gtest\include\gtest\internal\gtest-tuple.h">
      <Filter>Header Files</Filter>
    </ClInclude>
    <ClInclude Include="libs\fstlib-develop\ext\gtest\include\gtest\internal\gtest-type-util.h">
      <Filter>Header Files</Filter>
    </ClInclude>
    <ClInclude Include="libs\fstlib-develop\ext\lz4\lz4.h">
      <Filter>Header Files</Filter>
    </ClInclude>
    <ClInclude Include="libs\fstlib-develop\ext\zstd\common\bitstream.h">
      <Filter>Header Files</Filter>
    </ClInclude>
    <ClInclude Include="libs\fstlib-develop\ext\zstd\common\compiler.h">
      <Filter>Header Files</Filter>
    </ClInclude>
    <ClInclude Include="libs\fstlib-develop\ext\zstd\common\cpu.h">
      <Filter>Header Files</Filter>
    </ClInclude>
    <ClInclude Include="libs\fstlib-develop\ext\zstd\common\debug.h">
      <Filter>Header Files</Filter>
    </ClInclude>
    <ClInclude Include="libs\fstlib-develop\ext\zstd\common\error_private.h">
      <Filter>Header Files</Filter>
    </ClInclude>
    <ClInclude Include="libs\fstlib-develop\ext\zstd\common\fse.h">
      <Filter>Header Files</Filter>
    </ClInclude>
    <ClInclude Include="libs\fstlib-develop\ext\zstd\common\huf.h">
      <Filter>Header Files</Filter>
    </ClInclude>
    <ClInclude Include="libs\fstlib-develop\ext\zstd\common\mem.h">
      <Filter>Header Files</Filter>
    </ClInclude>
    <ClInclude Include="libs\fstlib-develop\ext\zstd\common\pool.h">
      <Filter>Header Files</Filter>
    </ClInclude>
    <ClInclude Include="libs\fstlib-develop\ext\zstd\common\threading.h">
      <Filter>Header Files</Filter>
    </ClInclude>
    <ClInclude Include="libs\fstlib-develop\ext\zstd\common\xxhash.h">
      <Filter>Header Files</Filter>
    </ClInclude>
    <ClInclude Include="libs\fstlib-develop\ext\zstd\common\zstd_errors.h">
      <Filter>Header Files</Filter>
    </ClInclude>
    <ClInclude Include="libs\fstlib-develop\ext\zstd\common\zstd_internal.h">
      <Filter>Header Files</Filter>
    </ClInclude>
    <ClInclude Include="libs\fstlib-develop\ext\zstd\compress\hist.h">
      <Filter>Header Files</Filter>
    </ClInclude>
    <ClInclude Include="libs\fstlib-develop\ext\zstd\compress\zstdmt_compress.h">
      <Filter>Header Files</Filter>
    </ClInclude>
    <ClInclude Include="libs\fstlib-develop\ext\zstd\compress\zstd_compress_internal.h">
      <Filter>Header Files</Filter>
    </ClInclude>
    <ClInclude Include="libs\fstlib-develop\ext\zstd\compress\zstd_compress_literals.h">
      <Filter>Header Files</Filter>
    </ClInclude>
    <ClInclude Include="libs\fstlib-develop\ext\zstd\compress\zstd_compress_sequences.h">
      <Filter>Header Files</Filter>
    </ClInclude>
    <ClInclude Include="libs\fstlib-develop\ext\zstd\compress\zstd_compress_superblock.h">
      <Filter>Header Files</Filter>
    </ClInclude>
    <ClInclude Include="libs\fstlib-develop\ext\zstd\compress\zstd_cwksp.h">
      <Filter>Header Files</Filter>
    </ClInclude>
    <ClInclude Include="libs\fstlib-develop\ext\zstd\compress\zstd_double_fast.h">
      <Filter>Header Files</Filter>
    </ClInclude>
    <ClInclude Include="libs\fstlib-develop\ext\zstd\compress\zstd_fast.h">
      <Filter>Header Files</Filter>
    </ClInclude>
    <ClInclude Include="libs\fstlib-develop\ext\zstd\compress\zstd_lazy.h">
      <Filter>Header Files</Filter>
    </ClInclude>
    <ClInclude Include="libs\fstlib-develop\ext\zstd\compress\zstd_ldm.h">
      <Filter>Header Files</Filter>
    </ClInclude>
    <ClInclude Include="libs\fstlib-develop\ext\zstd\compress\zstd_opt.h">
      <Filter>Header Files</Filter>
    </ClInclude>
    <ClInclude Include="libs\fstlib-develop\ext\zstd\decompress\zstd_ddict.h">
      <Filter>Header Files</Filter>
    </ClInclude>
    <ClInclude Include="libs\fstlib-develop\ext\zstd\decompress\zstd_decompress_block.h">
      <Filter>Header Files</Filter>
    </ClInclude>
    <ClInclude Include="libs\fstlib-develop\ext\zstd\decompress\zstd_decompress_internal.h">
      <Filter>Header Files</Filter>
    </ClInclude>
    <ClInclude Include="libs\fstlib-develop\ext\zstd\dictBuilder\cover.h">
      <Filter>Header Files</Filter>
    </ClInclude>
    <ClInclude Include="libs\fstlib-develop\ext\zstd\dictBuilder\divsufsort.h">
      <Filter>Header Files</Filter>
    </ClInclude>
    <ClInclude Include="libs\fstlib-develop\ext\zstd\dictBuilder\zdict.h">
      <Filter>Header Files</Filter>
    </ClInclude>
    <ClInclude Include="libs\fstlib-develop\ext\zstd\zstd.h">
      <Filter>Header Files</Filter>
    </ClInclude>
    <ClInclude Include="libs\fstlib-develop\lib\fsttable\columnfactory.h">
      <Filter>Header Files</Filter>
    </ClInclude>
    <ClInclude Include="libs\fstlib-develop\lib\fsttable\fsttable.h">
      <Filter>Header Files</Filter>
    </ClInclude>
    <ClInclude Include="libs\fstlib-develop\lib\fsttable\IntegerMethods.h">
      <Filter>Header Files</Filter>
    </ClInclude>
    <ClInclude Include="libs\fstlib-develop\lib\fsttable\typefactory.h">
      <Filter>Header Files</Filter>
    </ClInclude>
    <ClInclude Include="libs\fstlib-develop\lib\fst\blockstreamer\blockstreamer_v2.h">
      <Filter>Header Files</Filter>
    </ClInclude>
    <ClInclude Include="libs\fstlib-develop\lib\fst\byteblock\byteblock_v13.h">
      <Filter>Header Files</Filter>
    </ClInclude>
    <ClInclude Include="libs\fstlib-develop\lib\fst\byte\byte_v12.h">
      <Filter>Header Files</Filter>
    </ClInclude>
    <ClInclude Include="libs\fstlib-develop\lib\fst\character\character_v6.h">
      <Filter>Header Files</Filter>
    </ClInclude>
    <ClInclude Include="libs\fstlib-develop\lib\fst\compression\compression.h">
      <Filter>Header Files</Filter>
    </ClInclude>
    <ClInclude Include="libs\fstlib-develop\lib\fst\compression\compressor.h">
      <Filter>Header Files</Filter>
    </ClInclude>
    <ClInclude Include="libs\fstlib-develop\lib\fst\double\double_v9.h">
      <Filter>Header Files</Filter>
    </ClInclude>
    <ClInclude Include="libs\fstlib-develop\lib\fst\factor\factor_v7.h">
      <Filter>Header Files</Filter>
    </ClInclude>
    <ClInclude Include="libs\fstlib-develop\lib\fst\integer64\integer64_v11.h">
      <Filter>Header Files</Filter>
    </ClInclude>
    <ClInclude Include="libs\fstlib-develop\lib\fst\integer\integer_v8.h">
      <Filter>Header Files</Filter>
    </ClInclude>
    <ClInclude Include="libs\fstlib-develop\lib\fst\interface\fstcompressor.h">
      <Filter>Header Files</Filter>
    </ClInclude>
    <ClInclude Include="libs\fstlib-develop\lib\fst\interface\fstdefines.h">
      <Filter>Header Files</Filter>
    </ClInclude>
    <ClInclude Include="libs\fstlib-develop\lib\fst\interface\fsthash.h">
      <Filter>Header Files</Filter>
    </ClInclude>
    <ClInclude Include="libs\fstlib-develop\lib\fst\interface\fststore.h">
      <Filter>Header Files</Filter>
    </ClInclude>
    <ClInclude Include="libs\fstlib-develop\lib\fst\interface\fststreamer.h">
      <Filter>Header Files</Filter>
    </ClInclude>
    <ClInclude Include="libs\fstlib-develop\lib\fst\interface\fst_db.h">
      <Filter>Header Files</Filter>
    </ClInclude>
    <ClInclude Include="libs\fstlib-develop\lib\fst\interface\ibyteblockcolumn.h">
      <Filter>Header Files</Filter>
    </ClInclude>
    <ClInclude Include="libs\fstlib-develop\lib\fst\interface\icolumnfactory.h">
      <Filter>Header Files</Filter>
    </ClInclude>
    <ClInclude Include="libs\fstlib-develop\lib\fst\interface\ifstcolumn.h">
      <Filter>Header Files</Filter>
    </ClInclude>
    <ClInclude Include="libs\fstlib-develop\lib\fst\interface\ifsttable.h">
      <Filter>Header Files</Filter>
    </ClInclude>
    <ClInclude Include="libs\fstlib-develop\lib\fst\interface\istringwriter.h">
      <Filter>Header Files</Filter>
    </ClInclude>
    <ClInclude Include="libs\fstlib-develop\lib\fst\interface\itypefactory.h">
      <Filter>Header Files</Filter>
    </ClInclude>
    <ClInclude Include="libs\fstlib-develop\lib\fst\interface\openmphelper.h">
      <Filter>Header Files</Filter>
    </ClInclude>
    <ClInclude Include="libs\fstlib-develop\lib\fst\logical\logical_v10.h">
      <Filter>Header Files</Filter>
    </ClInclude>
    <ClInclude Include="libs\hash-library-master\crc32.h">
      <Filter>Header Files</Filter>
    </ClInclude>
    <ClInclude Include="libs\hash-library-master\hash.h">
      <Filter>Header Files</Filter>
    </ClInclude>
    <ClInclude Include="libs\hash-library-master\hmac.h">
      <Filter>Header Files</Filter>
    </ClInclude>
    <ClInclude Include="libs\hash-library-master\keccak.h">
      <Filter>Header Files</Filter>
    </ClInclude>
    <ClInclude Include="libs\hash-library-master\md5.h">
      <Filter>Header Files</Filter>
    </ClInclude>
    <ClInclude Include="libs\hash-library-master\sha1.h">
      <Filter>Header Files</Filter>
    </ClInclude>
    <ClInclude Include="libs\hash-library-master\sha256.h">
      <Filter>Header Files</Filter>
    </ClInclude>
    <ClInclude Include="libs\hash-library-master\sha3.h">
      <Filter>Header Files</Filter>
    </ClInclude>
    <ClInclude Include="libs\libexif-0.6.24\config.h">
      <Filter>Header Files</Filter>
    </ClInclude>
    <ClInclude Include="libs\imageinfo-master\imageinfo.hpp">
      <Filter>Header Files</Filter>
    </ClInclude>
    <ClInclude Include="libs\unistd.h">
      <Filter>Header Files</Filter>
    </ClInclude>
    <ClInclude Include="getopt.h">
      <Filter>Header Files</Filter>
    </ClInclude>
    <ClInclude Include="libs\sqlite-amalgamation-3440200\sqlite3.h">
      <Filter>Header Files</Filter>
    </ClInclude>
    <ClInclude Include="libs\date-3.0.1\include\date\tz_private.h">
      <Filter>Header Files</Filter>
    </ClInclude>
    <ClInclude Include="libs\date-3.0.1\include\date\chrono_io.h">
      <Filter>Header Files</Filter>
    </ClInclude>
    <ClInclude Include="libs\date-3.0.1\include\date\date.h">
      <Filter>Header Files</Filter>
    </ClInclude>
    <ClInclude Include="libs\date-3.0.1\include\date\ios.h">
      <Filter>Header Files</Filter>
    </ClInclude>
    <ClInclude Include="libs\date-3.0.1\include\date\islamic.h">
      <Filter>Header Files</Filter>
    </ClInclude>
    <ClInclude Include="libs\date-3.0.1\include\date\iso_week.h">
      <Filter>Header Files</Filter>
    </ClInclude>
    <ClInclude Include="libs\date-3.0.1\include\date\julian.h">
      <Filter>Header Files</Filter>
    </ClInclude>
    <ClInclude Include="libs\date-3.0.1\include\date\ptz.h">
      <Filter>Header Files</Filter>
    </ClInclude>
    <ClInclude Include="libs\date-3.0.1\include\date\solar_hijri.h">
      <Filter>Header Files</Filter>
    </ClInclude>
    <ClInclude Include="libs\date-3.0.1\include\date\tz.h">
      <Filter>Header Files</Filter>
    </ClInclude>
  </ItemGroup>
  <ItemGroup>
    <QtRcc Include="OpenFileOrganizer.qrc">
      <Filter>Resource Files</Filter>
    </QtRcc>
  </ItemGroup>
  <ItemGroup>
    <QtUic Include="OpenFileOrganizer.ui">
      <Filter>Form Files</Filter>
    </QtUic>
  </ItemGroup>
  <ItemGroup>
    <QtMoc Include="OpenFileOrganizer.h">
      <Filter>Header Files</Filter>
    </QtMoc>
  </ItemGroup>
</Project>